
Microsoft Visual Studio Solution File, Format Version 12.00
# Visual Studio Version 17
VisualStudioVersion = 17.11.35327.3
MinimumVisualStudioVersion = 10.0.40219.1
Project("{FAE04EC0-301F-11D3-BF4B-00C04F79EFBC}") = "BaiThucHanh2", "BaiThucHanh2\BaiThucHanh2.csproj", "{9FDD9264-3C01-462A-A551-81186A103801}"
EndProject
Global
	GlobalSection(SolutionConfigurationPlatforms) = preSolution
		Debug|Any CPU = Debug|Any CPU
		Release|Any CPU = Release|Any CPU
	EndGlobalSection
	GlobalSection(ProjectConfigurationPlatforms) = postSolution
		{9FDD9264-3C01-462A-A551-81186A103801}.Debug|Any CPU.ActiveCfg = Debug|Any CPU
		{9FDD9264-3C01-462A-A551-81186A103801}.Debug|Any CPU.Build.0 = Debug|Any CPU
		{9FDD9264-3C01-462A-A551-81186A103801}.Release|Any CPU.ActiveCfg = Release|Any CPU
		{9FDD9264-3C01-462A-A551-81186A103801}.Release|Any CPU.Build.0 = Release|Any CPU
	EndGlobalSection
	GlobalSection(SolutionProperties) = preSolution
		HideSolutionNode = FALSE
	EndGlobalSection
	GlobalSection(ExtensibilityGlobals) = postSolution
		SolutionGuid = {3D409F67-6B58-4E4A-92F8-DC748E07BF02}
	EndGlobalSection
EndGlobal
